Microsoft Visual Studio Solution File, Format Version 11.00
# Visual Studio 2008

Project("{41B1031D-2E94-A803-3205-FA22B4A3EE0E}") = "Unity2", "Assembly-CSharp-firstpass.csproj", "{8D87DADB-F68C-53EF-ACDD-E0FA04279C49}"
EndProject
Project("{41B1031D-2E94-A803-3205-FA22B4A3EE0E}") = "Unity2", "Assembly-CSharp.csproj", "{60BD6474-6980-9D55-7945-A77DFD40D7E9}"
EndProject
Project("{41B1031D-2E94-A803-3205-FA22B4A3EE0E}") = "Unity2", "Assembly-UnityScript-firstpass.unityproj", "{ED14E30F-C072-D1F3-5120-5F9074D32440}"
EndProject
Global
	GlobalSection(SolutionConfigurationPlatforms) = preSolution
		Debug|Any CPU = Debug|Any CPU
		Release|Any CPU = Release|Any CPU
	EndGlobalSection
	GlobalSection(ProjectConfigurationPlatforms) = postSolution
		{8D87DADB-F68C-53EF-ACDD-E0FA04279C49}.Debug|Any CPU.ActiveCfg = Debug|Any CPU
		{8D87DADB-F68C-53EF-ACDD-E0FA04279C49}.Debug|Any CPU.Build.0 = Debug|Any CPU
		{8D87DADB-F68C-53EF-ACDD-E0FA04279C49}.Release|Any CPU.ActiveCfg = Release|Any CPU
		{8D87DADB-F68C-53EF-ACDD-E0FA04279C49}.Release|Any CPU.Build.0 = Release|Any CPU
		{60BD6474-6980-9D55-7945-A77DFD40D7E9}.Debug|Any CPU.ActiveCfg = Debug|Any CPU
		{60BD6474-6980-9D55-7945-A77DFD40D7E9}.Debug|Any CPU.Build.0 = Debug|Any CPU
		{60BD6474-6980-9D55-7945-A77DFD40D7E9}.Release|Any CPU.ActiveCfg = Release|Any CPU
		{60BD6474-6980-9D55-7945-A77DFD40D7E9}.Release|Any CPU.Build.0 = Release|Any CPU
		{ED14E30F-C072-D1F3-5120-5F9074D32440}.Debug|Any CPU.ActiveCfg = Debug|Any CPU
		{ED14E30F-C072-D1F3-5120-5F9074D32440}.Debug|Any CPU.Build.0 = Debug|Any CPU
		{ED14E30F-C072-D1F3-5120-5F9074D32440}.Release|Any CPU.ActiveCfg = Release|Any CPU
		{ED14E30F-C072-D1F3-5120-5F9074D32440}.Release|Any CPU.Build.0 = Release|Any CPU
	EndGlobalSection
	GlobalSection(SolutionProperties) = preSolution
		HideSolutionNode = FALSE
	EndGlobalSection
																																																																																																																																																																																																																																																																																																																																																																																																				GlobalSection(MonoDevelopProperties) = preSolution
		StartupItem = Assembly-CSharp.csproj
		Policies = $0
		$0.TextStylePolicy = $1
		$1.inheritsSet = null
		$1.scope = text/x-csharp
		$0.CSharpFormattingPolicy = $2
		$2.inheritsSet = Mono
		$2.inheritsScope = text/x-csharp
		$2.scope = text/x-csharp
		$0.TextStylePolicy = $3
		$3.FileWidth = 120
		$3.TabWidth = 4
		$3.EolMarker = Unix
		$3.inheritsSet = Mono
		$3.inheritsScope = text/plain
		$3.scope = text/plain
	EndGlobalSection

EndGlobal
